
Microsoft Visual Studio Solution File, Format Version 12.00
# Visual Studio Version 16
VisualStudioVersion = 16.0.31424.327
MinimumVisualStudioVersion = 10.0.40219.1
Project("{9A19103F-16F7-4668-BE54-9A1E7A4F7556}") = "Api.Logistica.WebApi", "Api.Logistica.WebApi\Api.Logistica.WebApi.csproj", "{8752EE1A-1FA6-4216-A829-527D5A020003}"
EndProject
Project("{2150E333-8FDC-42A3-9474-1A3956D46DE8}") = "Presentation", "Presentation", "{B8A3F264-8056-4FB3-882D-62DC2CAAE0B4}"
EndProject
Project("{2150E333-8FDC-42A3-9474-1A3956D46DE8}") = "Application", "Application", "{22110926-3AC7-4E64-BF84-3BF32E0845A1}"
EndProject
Project("{9A19103F-16F7-4668-BE54-9A1E7A4F7556}") = "Api.Logistica.Application", "Api.Logistica.Application\Api.Logistica.Application.csproj", "{15C55E20-EDF3-4959-AD3D-7EA6F3AF7DD8}"
EndProject
Project("{2150E333-8FDC-42A3-9474-1A3956D46DE8}") = "Domain", "Domain", "{C980C43D-237B-47D6-9014-BB6EA9C29926}"
EndProject
Project("{9A19103F-16F7-4668-BE54-9A1E7A4F7556}") = "Api.Logistica.Domain", "Api.Logistica.Domain\Api.Logistica.Domain.csproj", "{DA511CEF-FA6E-48AD-849E-5FC21C708FBF}"
EndProject
Project("{2150E333-8FDC-42A3-9474-1A3956D46DE8}") = "Infraestructure", "Infraestructure", "{D410CE7E-A971-4769-9058-2E50EE0765EF}"
EndProject
Project("{9A19103F-16F7-4668-BE54-9A1E7A4F7556}") = "Api.Logistica.Data", "Api.Logistica.Data\Api.Logistica.Data.csproj", "{D40D2ECA-036E-4F5B-ADF1-7DF4344D4191}"
EndProject
Project("{FAE04EC0-301F-11D3-BF4B-00C04F79EFBC}") = "Api.Logistica.Dto", "Api.Logistica.Dto\Api.Logistica.Dto.csproj", "{6E71B5A6-D731-4D66-A021-3372F9C3F99E}"
EndProject
Project("{FAE04EC0-301F-11D3-BF4B-00C04F79EFBC}") = "Api.Logistica.Models", "Api.Logistica.Models\Api.Logistica.Models.csproj", "{BC9EF5D6-C4FA-41A8-B0EC-3253C23962AB}"
EndProject
Global
	GlobalSection(SolutionConfigurationPlatforms) = preSolution
		Debug|Any CPU = Debug|Any CPU
		Release|Any CPU = Release|Any CPU
	EndGlobalSection
	GlobalSection(ProjectConfigurationPlatforms) = postSolution
		{8752EE1A-1FA6-4216-A829-527D5A020003}.Debug|Any CPU.ActiveCfg = Debug|Any CPU
		{8752EE1A-1FA6-4216-A829-527D5A020003}.Debug|Any CPU.Build.0 = Debug|Any CPU
		{8752EE1A-1FA6-4216-A829-527D5A020003}.Release|Any CPU.ActiveCfg = Release|Any CPU
		{8752EE1A-1FA6-4216-A829-527D5A020003}.Release|Any CPU.Build.0 = Release|Any CPU
		{15C55E20-EDF3-4959-AD3D-7EA6F3AF7DD8}.Debug|Any CPU.ActiveCfg = Debug|Any CPU
		{15C55E20-EDF3-4959-AD3D-7EA6F3AF7DD8}.Debug|Any CPU.Build.0 = Debug|Any CPU
		{15C55E20-EDF3-4959-AD3D-7EA6F3AF7DD8}.Release|Any CPU.ActiveCfg = Release|Any CPU
		{15C55E20-EDF3-4959-AD3D-7EA6F3AF7DD8}.Release|Any CPU.Build.0 = Release|Any CPU
		{DA511CEF-FA6E-48AD-849E-5FC21C708FBF}.Debug|Any CPU.ActiveCfg = Debug|Any CPU
		{DA511CEF-FA6E-48AD-849E-5FC21C708FBF}.Debug|Any CPU.Build.0 = Debug|Any CPU
		{DA511CEF-FA6E-48AD-849E-5FC21C708FBF}.Release|Any CPU.ActiveCfg = Release|Any CPU
		{DA511CEF-FA6E-48AD-849E-5FC21C708FBF}.Release|Any CPU.Build.0 = Release|Any CPU
		{D40D2ECA-036E-4F5B-ADF1-7DF4344D4191}.Debug|Any CPU.ActiveCfg = Debug|Any CPU
		{D40D2ECA-036E-4F5B-ADF1-7DF4344D4191}.Debug|Any CPU.Build.0 = Debug|Any CPU
		{D40D2ECA-036E-4F5B-ADF1-7DF4344D4191}.Release|Any CPU.ActiveCfg = Release|Any CPU
		{D40D2ECA-036E-4F5B-ADF1-7DF4344D4191}.Release|Any CPU.Build.0 = Release|Any CPU
		{6E71B5A6-D731-4D66-A021-3372F9C3F99E}.Debug|Any CPU.ActiveCfg = Debug|Any CPU
		{6E71B5A6-D731-4D66-A021-3372F9C3F99E}.Debug|Any CPU.Build.0 = Debug|Any CPU
		{6E71B5A6-D731-4D66-A021-3372F9C3F99E}.Release|Any CPU.ActiveCfg = Release|Any CPU
		{6E71B5A6-D731-4D66-A021-3372F9C3F99E}.Release|Any CPU.Build.0 = Release|Any CPU
		{BC9EF5D6-C4FA-41A8-B0EC-3253C23962AB}.Debug|Any CPU.ActiveCfg = Debug|Any CPU
		{BC9EF5D6-C4FA-41A8-B0EC-3253C23962AB}.Debug|Any CPU.Build.0 = Debug|Any CPU
		{BC9EF5D6-C4FA-41A8-B0EC-3253C23962AB}.Release|Any CPU.ActiveCfg = Release|Any CPU
		{BC9EF5D6-C4FA-41A8-B0EC-3253C23962AB}.Release|Any CPU.Build.0 = Release|Any CPU
	EndGlobalSection
	GlobalSection(SolutionProperties) = preSolution
		HideSolutionNode = FALSE
	EndGlobalSection
	GlobalSection(NestedProjects) = preSolution
		{8752EE1A-1FA6-4216-A829-527D5A020003} = {B8A3F264-8056-4FB3-882D-62DC2CAAE0B4}
		{15C55E20-EDF3-4959-AD3D-7EA6F3AF7DD8} = {22110926-3AC7-4E64-BF84-3BF32E0845A1}
		{DA511CEF-FA6E-48AD-849E-5FC21C708FBF} = {C980C43D-237B-47D6-9014-BB6EA9C29926}
		{D40D2ECA-036E-4F5B-ADF1-7DF4344D4191} = {D410CE7E-A971-4769-9058-2E50EE0765EF}
		{6E71B5A6-D731-4D66-A021-3372F9C3F99E} = {22110926-3AC7-4E64-BF84-3BF32E0845A1}
		{BC9EF5D6-C4FA-41A8-B0EC-3253C23962AB} = {22110926-3AC7-4E64-BF84-3BF32E0845A1}
	EndGlobalSection
	GlobalSection(ExtensibilityGlobals) = postSolution
		SolutionGuid = {839868F9-5E62-41C0-9A63-F550F1672107}
	EndGlobalSection
EndGlobal
